
Microsoft Visual Studio Solution File, Format Version 12.00
# Visual Studio Version 17
VisualStudioVersion = 17.4.33403.182
MinimumVisualStudioVersion = 10.0.40219.1
Project("{FAE04EC0-301F-11D3-BF4B-00C04F79EFBC}") = "Studentregistrationsystem", "Studentregistrationsystem\Studentregistrationsystem.csproj", "{746B20A0-6D54-407A-B728-05E5F14F09ED}"
EndProject
Global
	GlobalSection(SolutionConfigurationPlatforms) = preSolution
		Debug|Any CPU = Debug|Any CPU
		Release|Any CPU = Release|Any CPU
	EndGlobalSection
	GlobalSection(ProjectConfigurationPlatforms) = postSolution
		{746B20A0-6D54-407A-B728-05E5F14F09ED}.Debug|Any CPU.ActiveCfg = Debug|Any CPU
		{746B20A0-6D54-407A-B728-05E5F14F09ED}.Debug|Any CPU.Build.0 = Debug|Any CPU
		{746B20A0-6D54-407A-B728-05E5F14F09ED}.Release|Any CPU.ActiveCfg = Release|Any CPU
		{746B20A0-6D54-407A-B728-05E5F14F09ED}.Release|Any CPU.Build.0 = Release|Any CPU
	EndGlobalSection
	GlobalSection(SolutionProperties) = preSolution
		HideSolutionNode = FALSE
	EndGlobalSection
	GlobalSection(ExtensibilityGlobals) = postSolution
		SolutionGuid = {1D5E6C3F-E98F-496C-8BE7-59CDFE7C7B7B}
	EndGlobalSection
EndGlobal
